{
  "name": "code-refs-feature-intro-sample",
  "version": "1.0.0",
  "lockfileVersion": 3,
  "requires": true,
  "packages": {
    "": {
      "name": "code-refs-feature-intro-sample",
      "version": "1.0.0",
      "license": "ISC",
      "dependencies": {
        "configcat-node": "^9.1.1"
      }
    },
    "node_modules/configcat-common": {
      "version": "7.0.1",
      "resolved": "https://registry.npmjs.org/configcat-common/-/configcat-common-7.0.1.tgz",
      "integrity": "sha512-9SxX4/6NzK1l+2iDWLyr/0tsli/eKzSJhBIepptF+GPy/7CprnA0coQz8fF8Gx1IF3wBZsJg0vRaC3LtNa0vRg==",
      "dependencies": {
        "tslib": "^2.4.1"
      }
    },
    "node_modules/configcat-node": {
      "version": "9.1.1",
      "resolved": "https://registry.npmjs.org/configcat-node/-/configcat-node-9.1.1.tgz",
      "integrity": "sha512-uoXZUztNrTxi3oKYEvOaExssUiJSJ+3rf1I+l2/81WQaZ6vuL8sRfCNtvVXWZhtgiABQfFk1L/uqljZw51B4og==",
      "dependencies": {
        "configcat-common": "^7.0.1",
        "tslib": "^2.4.1",
        "tunnel": "0.0.6"
      },
      "engines": {
        "node": ">=14"
      }
    },
    "node_modules/tslib": {
      "version": "2.5.0",
      "resolved": "https://registry.npmjs.org/tslib/-/tslib-2.5.0.tgz",
      "integrity": "sha512-336iVw3rtn2BUK7ORdIAHTyxHGRIHVReokCR3XjbckJMK7ms8FysBfhLR8IXnAgy7T0PTPNBWKiH514FOW/WSg=="
    },
    "node_modules/tunnel": {
      "version": "0.0.6",
      "resolved": "https://registry.npmjs.org/tunnel/-/tunnel-0.0.6.tgz",
      "integrity": "sha512-1h/Lnq9yajKY2PEbBadPXj3VxsDDu844OnaAo52UVmIzIvwwtBPIuNvkjuzBlTWpfJyUbG3ez0KSBibQkj4ojg==",
      "engines": {
        "node": ">=0.6.11 <=0.7.0 || >=0.7.3"
      }
    }
  }
}
